github.com/codemodus/kace v0.5.1 h1:4OCsBlE2c/rSJo375ggfnucv9eRzge/U5LrrOZd47HA=
github.com/codemodus/kace v0.5.1/go.mod h1:coddaHoX1ku1YFSe4Ip0mL9kQjJvKkzb9CfIdG1YR04=
github.com/gertd/go-pluralize v0.2.1 h1:M3uASbVjMnTsPb0PNqg+E/24Vwigyo/tvyMTtAlLgiA=
github.com/gertd/go-pluralize v0.2.1/go.mod h1:rbYaKDbsXxmRfr8uygAEKhOWsjyrrqrkHVpZvoOp8zk=
